
Microsoft Visual Studio Solution File, Format Version 12.00
# Visual Studio Version 16
VisualStudioVersion = 16.0.30011.22
MinimumVisualStudioVersion = 10.0.40219.1
Project("{FAE04EC0-301F-11D3-BF4B-00C04F79EFBC}") = "BookDatabase", "BookDatabase\BookDatabase.csproj", "{77B5D60F-7347-4D9E-8E11-B84DE5D5CE6B}"
EndProject
Global
	GlobalSection(SolutionConfigurationPlatforms) = preSolution
		Debug|Any CPU = Debug|Any CPU
		Release|Any CPU = Release|Any CPU
	EndGlobalSection
	GlobalSection(ProjectConfigurationPlatforms) = postSolution
		{77B5D60F-7347-4D9E-8E11-B84DE5D5CE6B}.Debug|Any CPU.ActiveCfg = Debug|Any CPU
		{77B5D60F-7347-4D9E-8E11-B84DE5D5CE6B}.Debug|Any CPU.Build.0 = Debug|Any CPU
		{77B5D60F-7347-4D9E-8E11-B84DE5D5CE6B}.Release|Any CPU.ActiveCfg = Release|Any CPU
		{77B5D60F-7347-4D9E-8E11-B84DE5D5CE6B}.Release|Any CPU.Build.0 = Release|Any CPU
	EndGlobalSection
	GlobalSection(SolutionProperties) = preSolution
		HideSolutionNode = FALSE
	EndGlobalSection
	GlobalSection(ExtensibilityGlobals) = postSolution
		SolutionGuid = {F95AC643-8DF1-4F9B-85E3-4DDF10CA7BEC}
	EndGlobalSection
EndGlobal
